// !$*UTF8*$!
{
	archiveVersion = 1;
	classes = {
	};
	objectVersion = 46;
	objects = {

/* Begin PBXBuildFile section */
		3FD7F52A1AAE0942002EC6F6 /* AppDelegate.swift in Sources */ = {isa = PBXBuildFile; fileRef = 3FD7F5291AAE0942002EC6F6 /* AppDelegate.swift */; };
		3FD7F52C1AAE0942002EC6F6 /* ViewController.swift in Sources */ = {isa = PBXBuildFile; fileRef = 3FD7F52B1AAE0942002EC6F6 /* ViewController.swift */; };
		3FD7F5311AAE0942002EC6F6 /* Images.xcassets in Resources */ = {isa = PBXBuildFile; fileRef = 3FD7F5301AAE0942002EC6F6 /* Images.xcassets */; };
		3FD7F5341AAE0942002EC6F6 /* LaunchScreen.xib in Resources */ = {isa = PBXBuildFile; fileRef = 3FD7F5321AAE0942002EC6F6 /* LaunchScreen.xib */; };
		3FD7F5401AAE0942002EC6F6 /* BrickBreakerTests.swift in Sources */ = {isa = PBXBuildFile; fileRef = 3FD7F53F1AAE0942002EC6F6 /* BrickBreakerTests.swift */; };
		3FF391B81AB9E5B500E43E6E /* CutomView.swift in Sources */ = {isa = PBXBuildFile; fileRef = 3FF391B71AB9E5B500E43E6E /* CutomView.swift */; };
		3FF391BA1ABB37A600E43E6E /* Main.storyboard in Resources */ = {isa = PBXBuildFile; fileRef = 3FF391B91ABB37A600E43E6E /* Main.storyboard */; };
/* End PBXBuildFile section */

/* Begin PBXContainerItemProxy section */
		3FD7F53A1AAE0942002EC6F6 /* PBXContainerItemProxy */ = {
			isa = PBXContainerItemProxy;
			containerPortal = 3FD7F51C1AAE0942002EC6F6 /* Project object */;
			proxyType = 1;
			remoteGlobalIDString = 3FD7F5231AAE0942002EC6F6;
			remoteInfo = BrickBreaker;
		};
/* End PBXContainerItemProxy section */

/* Begin PBXFileReference section */
		3FD7F5241AAE0942002EC6F6 /* BrickBreaker.app */ = {isa = PBXFileReference; explicitFileType = wrapper.application; includeInIndex = 0; path = BrickBreaker.app; sourceTree = BUILT_PRODUCTS_DIR; };
		3FD7F5281AAE0942002EC6F6 /* Info.plist */ = {isa = PBXFileReference; lastKnownFileType = text.plist.xml; path = Info.plist; sourceTree = "<group>"; };
		3FD7F5291AAE0942002EC6F6 /* AppDelegate.swift */ = {isa = PBXFileReference; lastKnownFileType = sourcecode.swift; path = AppDelegate.swift; sourceTree = "<group>"; };
		3FD7F52B1AAE0942002EC6F6 /* ViewController.swift */ = {isa = PBXFileReference; lastKnownFileType = sourcecode.swift; path = ViewController.swift; sourceTree = "<group>"; };
		3FD7F5301AAE0942002EC6F6 /* Images.xcassets */ = {isa = PBXFileReference; lastKnownFileType = folder.assetcatalog; path = Images.xcassets; sourceTree = "<group>"; };
		3FD7F5331AAE0942002EC6F6 /* Base */ = {isa = PBXFileReference; lastKnownFileType = file.xib; name = Base; path = Base.lproj/LaunchScreen.xib; sourceTree = "<group>"; };
		3FD7F5391AAE0942002EC6F6 /* BrickBreakerTests.xctest */ = {isa = PBXFileReference; explicitFileType = wrapper.cfbundle; includeInIndex = 0; path = BrickBreakerTests.xctest; sourceTree = BUILT_PRODUCTS_DIR; };
		3FD7F53E1AAE0942002EC6F6 /* Info.plist */ = {isa = PBXFileReference; lastKnownFileType = text.plist.xml; path = Info.plist; sourceTree = "<group>"; };
		3FD7F53F1AAE0942002EC6F6 /* BrickBreakerTests.swift */ = {isa = PBXFileReference; lastKnownFileType = sourcecode.swift; path = BrickBreakerTests.swift; sourceTree = "<group>"; };
		3FF391B71AB9E5B500E43E6E /* CutomView.swift */ = {isa = PBXFileReference; fileEncoding = 4; lastKnownFileType = sourcecode.swift; path = CutomView.swift; sourceTree = "<group>"; };
		3FF391B91ABB37A600E43E6E /* Main.storyboard */ = {isa = PBXFileReference; fileEncoding = 4; lastKnownFileType = file.storyboard; path = Main.storyboard; sourceTree = "<group>"; };
/* End PBXFileReference section */

/* Begin PBXFrameworksBuildPhase section */
		3FD7F5211AAE0942002EC6F6 /* Frameworks */ = {
			isa = PBXFrameworksBuildPhase;
			buildActionMask = 2147483647;
			files = (
			);
			runOnlyForDeploymentPostprocessing = 0;
		};
		3FD7F5361AAE0942002EC6F6 /* Frameworks */ = {
			isa = PBXFrameworksBuildPhase;
			buildActionMask = 2147483647;
			files = (
			);
			runOnlyForDeploymentPostprocessing = 0;
		};
/* End PBXFrameworksBuildPhase section */

/* Begin PBXGroup section */
		3FD7F51B1AAE0942002EC6F6 = {
			isa = PBXGroup;
			children = (
				3FD7F5261AAE0942002EC6F6 /* BrickBreaker */,
				3FD7F53C1AAE0942002EC6F6 /* BrickBreakerTests */,
				3FD7F5251AAE0942002EC6F6 /* Products */,
			);
			sourceTree = "<group>";
		};
		3FD7F5251AAE0942002EC6F6 /* Products */ = {
			isa = PBXGroup;
			children = (
				3FD7F5241AAE0942002EC6F6 /* BrickBreaker.app */,
				3FD7F5391AAE0942002EC6F6 /* BrickBreakerTests.xctest */,
			);
			name = Products;
			sourceTree = "<group>";
		};
		3FD7F5261AAE0942002EC6F6 /* BrickBreaker */ = {
			isa = PBXGroup;
			children = (
				3FD7F5291AAE0942002EC6F6 /* AppDelegate.swift */,
				3FD7F52B1AAE0942002EC6F6 /* ViewController.swift */,
				3FF391B91ABB37A600E43E6E /* Main.storyboard */,
				3FF391B71AB9E5B500E43E6E /* CutomView.swift */,
				3FD7F5301AAE0942002EC6F6 /* Images.xcassets */,
				3FD7F5321AAE0942002EC6F6 /* LaunchScreen.xib */,
				3FD7F5271AAE0942002EC6F6 /* Supporting Files */,
			);
			path = BrickBreaker;
			sourceTree = "<group>";
		};
		3FD7F5271AAE0942002EC6F6 /* Supporting Files */ = {
			isa = PBXGroup;
			children = (
				3FD7F5281AAE0942002EC6F6 /* Info.plist */,
			);
			name = "Supporting Files";
			sourceTree = "<group>";
		};
		3FD7F53C1AAE0942002EC6F6 /* BrickBreakerTests */ = {
			isa = PBXGroup;
			children = (
				3FD7F53F1AAE0942002EC6F6 /* BrickBreakerTests.swift */,
				3FD7F53D1AAE0942002EC6F6 /* Supporting Files */,
			);
			path = BrickBreakerTests;
			sourceTree = "<group>";
		};
		3FD7F53D1AAE0942002EC6F6 /* Supporting Files */ = {
			isa = PBXGroup;
			children = (
				3FD7F53E1AAE0942002EC6F6 /* Info.plist */,
			);
			name = "Supporting Files";
			sourceTree = "<group>";
		};
/* End PBXGroup section */

/* Begin PBXNativeTarget section */
		3FD7F5231AAE0942002EC6F6 /* BrickBreaker */ = {
			isa = PBXNativeTarget;
			buildConfigurationList = 3FD7F5431AAE0942002EC6F6 /* Build configuration list for PBXNativeTarget "BrickBreaker" */;
			buildPhases = (
				3FD7F5201AAE0942002EC6F6 /* Sources */,
				3FD7F5211AAE0942002EC6F6 /* Frameworks */,
				3FD7F5221AAE0942002EC6F6 /* Resources */,
			);
			buildRules = (
			);
			dependencies = (
			);
			name = BrickBreaker;
			productName = BrickBreaker;
			productReference = 3FD7F5241AAE0942002EC6F6 /* BrickBreaker.app */;
			productType = "com.apple.product-type.application";
		};
		3FD7F5381AAE0942002EC6F6 /* BrickBreakerTests */ = {
			isa = PBXNativeTarget;
			buildConfigurationList = 3FD7F5461AAE0942002EC6F6 /* Build configuration list for PBXNativeTarget "BrickBreakerTests" */;
			buildPhases = (
				3FD7F5351AAE0942002EC6F6 /* Sources */,
				3FD7F5361AAE0942002EC6F6 /* Frameworks */,
				3FD7F5371AAE0942002EC6F6 /* Resources */,
			);
			buildRules = (
			);
			dependencies = (
				3FD7F53B1AAE0942002EC6F6 /* PBXTargetDependency */,
			);
			name = BrickBreakerTests;
			productName = BrickBreakerTests;
			productReference = 3FD7F5391AAE0942002EC6F6 /* BrickBreakerTests.xctest */;
			productType = "com.apple.product-type.bundle.unit-test";
		};
/* End PBXNativeTarget section */

/* Begin PBXProject section */
		3FD7F51C1AAE0942002EC6F6 /* Project object */ = {
			isa = PBXProject;
			attributes = {
				LastUpgradeCheck = 0610;
				ORGANIZATIONNAME = "John Rees";
				TargetAttributes = {
					3FD7F5231AAE0942002EC6F6 = {
						CreatedOnToolsVersion = 6.1.1;
					};
					3FD7F5381AAE0942002EC6F6 = {
						CreatedOnToolsVersion = 6.1.1;
						TestTargetID = 3FD7F5231AAE0942002EC6F6;
					};
				};
			};
			buildConfigurationList = 3FD7F51F1AAE0942002EC6F6 /* Build configuration list for PBXProject "BrickBreaker" */;
			compatibilityVersion = "Xcode 3.2";
			developmentRegion = English;
			hasScannedForEncodings = 0;
			knownRegions = (
				en,
				Base,
			);
			mainGroup = 3FD7F51B1AAE0942002EC6F6;
			productRefGroup = 3FD7F5251AAE0942002EC6F6 /* Products */;
			projectDirPath = "";
			projectRoot = "";
			targets = (
				3FD7F5231AAE0942002EC6F6 /* BrickBreaker */,
				3FD7F5381AAE0942002EC6F6 /* BrickBreakerTests */,
			);
		};
/* End PBXProject section */

/* Begin PBXResourcesBuildPhase section */
		3FD7F5221AAE0942002EC6F6 /* Resources */ = {
			isa = PBXResourcesBuildPhase;
			buildActionMask = 2147483647;
			files = (
				3FF391BA1ABB37A600E43E6E /* Main.storyboard in Resources */,
				3FD7F5341AAE0942002EC6F6 /* LaunchScreen.xib in Resources */,
				3FD7F5311AAE0942002EC6F6 /* Images.xcassets in Resources */,
			);
			runOnlyForDeploymentPostprocessing = 0;
		};
		3FD7F5371AAE0942002EC6F6 /* Resources */ = {
			isa = PBXResourcesBuildPhase;
			buildActionMask = 2147483647;
			files = (
			);
			runOnlyForDeploymentPostprocessing = 0;
		};
/* End PBXResourcesBuildPhase section */

/* Begin PBXSourcesBuildPhase section */
		3FD7F5201AAE0942002EC6F6 /* Sources */ = {
			isa = PBXSourcesBuildPhase;
			buildActionMask = 2147483647;
			files = (
				3FF391B81AB9E5B500E43E6E /* CutomView.swift in Sources */,
				3FD7F52C1AAE0942002EC6F6 /* ViewController.swift in Sources */,
				3FD7F52A1AAE0942002EC6F6 /* AppDelegate.swift in Sources */,
			);
			runOnlyForDeploymentPostprocessing = 0;
		};
		3FD7F5351AAE0942002EC6F6 /* Sources */ = {
			isa = PBXSourcesBuildPhase;
			buildActionMask = 2147483647;
			files = (
				3FD7F5401AAE0942002EC6F6 /* BrickBreakerTests.swift in Sources */,
			);
			runOnlyForDeploymentPostprocessing = 0;
		};
/* End PBXSourcesBuildPhase section */

/* Begin PBXTargetDependency section */
		3FD7F53B1AAE0942002EC6F6 /* PBXTargetDependency */ = {
			isa = PBXTargetDependency;
			target = 3FD7F5231AAE0942002EC6F6 /* BrickBreaker */;
			targetProxy = 3FD7F53A1AAE0942002EC6F6 /* PBXContainerItemProxy */;
		};
/* End PBXTargetDependency section */

/* Begin PBXVariantGroup section */
		3FD7F5321AAE0942002EC6F6 /* LaunchScreen.xib */ = {
			isa = PBXVariantGroup;
			children = (
				3FD7F5331AAE0942002EC6F6 /* Base */,
			);
			name = LaunchScreen.xib;
			sourceTree = "<group>";
		};
/* End PBXVariantGroup section */

/* Begin XCBuildConfiguration section */
		3FD7F5411AAE0942002EC6F6 /* Debug */ = {
			isa = XCBuildConfiguration;
			buildSettings = {
				ALWAYS_SEARCH_USER_PATHS = NO;
				CLANG_CXX_LANGUAGE_STANDARD = "gnu++0x";
				CLANG_CXX_LIBRARY = "libc++";
				CLANG_ENABLE_MODULES = YES;
				CLANG_ENABLE_OBJC_ARC = YES;
				CLANG_WARN_BOOL_CONVERSION = YES;
				CLANG_WARN_CONSTANT_CONVERSION = YES;
				CLANG_WARN_DIRECT_OBJC_ISA_USAGE = YES_ERROR;
				CLANG_WARN_EMPTY_BODY = YES;
				CLANG_WARN_ENUM_CONVERSION = YES;
				CLANG_WARN_INT_CONVERSION = YES;
				CLANG_WARN_OBJC_ROOT_CLASS = YES_ERROR;
				CLANG_WARN_UNREACHABLE_CODE = YES;
				CLANG_WARN__DUPLICATE_METHOD_MATCH = YES;
				"CODE_SIGN_IDENTITY[sdk=iphoneos*]" = "iPhone Developer";
				COPY_PHASE_STRIP = NO;
				ENABLE_STRICT_OBJC_MSGSEND = YES;
				GCC_C_LANGUAGE_STANDARD = gnu99;
				GCC_DYNAMIC_NO_PIC = NO;
				GCC_OPTIMIZATION_LEVEL = 0;
				GCC_PREPROCESSOR_DEFINITIONS = (
					"DEBUG=1",
					"$(inherited)",
				);
				GCC_SYMBOLS_PRIVATE_EXTERN = NO;
				GCC_WARN_64_TO_32_BIT_CONVERSION = YES;
				GCC_WARN_ABOUT_RETURN_TYPE = YES_ERROR;
				GCC_WARN_UNDECLARED_SELECTOR = YES;
				GCC_WARN_UNINITIALIZED_AUTOS = YES_AGGRESSIVE;
				GCC_WARN_UNUSED_FUNCTION = YES;
				GCC_WARN_UNUSED_VARIABLE = YES;
				IPHONEOS_DEPLOYMENT_TARGET = 8.1;
				MTL_ENABLE_DEBUG_INFO = YES;
				ONLY_ACTIVE_ARCH = YES;
				SDKROOT = iphoneos;
				SWIFT_OPTIMIZATION_LEVEL = "-Onone";
				TARGETED_DEVICE_FAMILY = "1,2";
			};
			name = Debug;
		};
		3FD7F5421AAE0942002EC6F6 /* Release */ = {
			isa = XCBuildConfiguration;
			buildSettings = {
				ALWAYS_SEARCH_USER_PATHS = NO;
				CLANG_CXX_LANGUAGE_STANDARD = "gnu++0x";
				CLANG_CXX_LIBRARY = "libc++";
				CLANG_ENABLE_MODULES = YES;
				CLANG_ENABLE_OBJC_ARC = YES;
				CLANG_WARN_BOOL_CONVERSION = YES;
				CLANG_WARN_CONSTANT_CONVERSION = YES;
				CLANG_WARN_DIRECT_OBJC_ISA_USAGE = YES_ERROR;
				CLANG_WARN_EMPTY_BODY = YES;
				CLANG_WARN_ENUM_CONVERSION = YES;
				CLANG_WARN_INT_CONVERSION = YES;
				CLANG_WARN_OBJC_ROOT_CLASS = YES_ERROR;
				CLANG_WARN_UNREACHABLE_CODE = YES;
				CLANG_WARN__DUPLICATE_METHOD_MATCH = YES;
				"CODE_SIGN_IDENTITY[sdk=iphoneos*]" = "iPhone Developer";
				COPY_PHASE_STRIP = YES;
				ENABLE_NS_ASSERTIONS = NO;
				ENABLE_STRICT_OBJC_MSGSEND = YES;
				GCC_C_LANGUAGE_STANDARD = gnu99;
				GCC_WARN_64_TO_32_BIT_CONVERSION = YES;
				GCC_WARN_ABOUT_RETURN_TYPE = YES_ERROR;
				GCC_WARN_UNDECLARED_SELECTOR = YES;
				GCC_WARN_UNINITIALIZED_AUTOS = YES_AGGRESSIVE;
				GCC_WARN_UNUSED_FUNCTION = YES;
				GCC_WARN_UNUSED_VARIABLE = YES;
				IPHONEOS_DEPLOYMENT_TARGET = 8.1;
				MTL_ENABLE_DEBUG_INFO = NO;
				SDKROOT = iphoneos;
				TARGETED_DEVICE_FAMILY = "1,2";
				VALIDATE_PRODUCT = YES;
			};
			name = Release;
		};
		3FD7F5441AAE0942002EC6F6 /* Debug */ = {
			isa = XCBuildConfiguration;
			buildSettings = {
				ASSETCATALOG_COMPILER_APPICON_NAME = AppIcon;
				INFOPLIST_FILE = BrickBreaker/Info.plist;
				LD_RUNPATH_SEARCH_PATHS = "$(inherited) @executable_path/Frameworks";
				PRODUCT_NAME = "$(TARGET_NAME)";
			};
			name = Debug;
		};
		3FD7F5451AAE0942002EC6F6 /* Release */ = {
			isa = XCBuildConfiguration;
			buildSettings = {
				ASSETCATALOG_COMPILER_APPICON_NAME = AppIcon;
				INFOPLIST_FILE = BrickBreaker/Info.plist;
				LD_RUNPATH_SEARCH_PATHS = "$(inherited) @executable_path/Frameworks";
				PRODUCT_NAME = "$(TARGET_NAME)";
			};
			name = Release;
		};
		3FD7F5471AAE0942002EC6F6 /* Debug */ = {
			isa = XCBuildConfiguration;
			buildSettings = {
				BUNDLE_LOADER = "$(TEST_HOST)";
				FRAMEWORK_SEARCH_PATHS = (
					"$(SDKROOT)/Developer/Library/Frameworks",
					"$(inherited)",
				);
				GCC_PREPROCESSOR_DEFINITIONS = (
					"DEBUG=1",
					"$(inherited)",
				);
				INFOPLIST_FILE = BrickBreakerTests/Info.plist;
				LD_RUNPATH_SEARCH_PATHS = "$(inherited) @executable_path/Frameworks @loader_path/Frameworks";
				PRODUCT_NAME = "$(TARGET_NAME)";
				TEST_HOST = "$(BUILT_PRODUCTS_DIR)/BrickBreaker.app/BrickBreaker";
			};
			name = Debug;
		};
		3FD7F5481AAE0942002EC6F6 /* Release */ = {
			isa = XCBuildConfiguration;
			buildSettings = {
				BUNDLE_LOADER = "$(TEST_HOST)";
				FRAMEWORK_SEARCH_PATHS = (
					"$(SDKROOT)/Developer/Library/Frameworks",
					"$(inherited)",
				);
				INFOPLIST_FILE = BrickBreakerTests/Info.plist;
				LD_RUNPATH_SEARCH_PATHS = "$(inherited) @executable_path/Frameworks @loader_path/Frameworks";
				PRODUCT_NAME = "$(TARGET_NAME)";
				TEST_HOST = "$(BUILT_PRODUCTS_DIR)/BrickBreaker.app/BrickBreaker";
			};
			name = Release;
		};
/* End XCBuildConfiguration section */

/* Begin XCConfigurationList section */
		3FD7F51F1AAE0942002EC6F6 /* Build configuration list for PBXProject "BrickBreaker" */ = {
			isa = XCConfigurationList;
			buildConfigurations = (
				3FD7F5411AAE0942002EC6F6 /* Debug */,
				3FD7F5421AAE0942002EC6F6 /* Release */,
			);
			defaultConfigurationIsVisible = 0;
			defaultConfigurationName = Release;
		};
		3FD7F5431AAE0942002EC6F6 /* Build configuration list for PBXNativeTarget "BrickBreaker" */ = {
			isa = XCConfigurationList;
			buildConfigurations = (
				3FD7F5441AAE0942002EC6F6 /* Debug */,
				3FD7F5451AAE0942002EC6F6 /* Release */,
			);
			defaultConfigurationIsVisible = 0;
			defaultConfigurationName = Release;
		};
		3FD7F5461AAE0942002EC6F6 /* Build configuration list for PBXNativeTarget "BrickBreakerTests" */ = {
			isa = XCConfigurationList;
			buildConfigurations = (
				3FD7F5471AAE0942002EC6F6 /* Debug */,
				3FD7F5481AAE0942002EC6F6 /* Release */,
			);
			defaultConfigurationIsVisible = 0;
			defaultConfigurationName = Release;
		};
/* End XCConfigurationList section */
	};
	rootObject = 3FD7F51C1AAE0942002EC6F6 /* Project object */;
}
